
Microsoft Visual Studio Solution File, Format Version 12.00
# Visual Studio Version 17
VisualStudioVersion = 17.6.33815.320
MinimumVisualStudioVersion = 10.0.40219.1
Project("{9A19103F-16F7-4668-BE54-9A1E7A4F7556}") = "DVT", "DVT\DVT.csproj", "{7260E9F9-DA42-4325-9303-2045D064F0AB}"
EndProject
Project("{FAE04EC0-301F-11D3-BF4B-00C04F79EFBC}") = "DVT.Tests", "DVT.Tests\DVT.Tests.csproj", "{EAF5782D-4262-4510-97B3-E66A1B24FB6A}"
EndProject
Global
	GlobalSection(SolutionConfigurationPlatforms) = preSolution
		Debug|Any CPU = Debug|Any CPU
		Release|Any CPU = Release|Any CPU
	EndGlobalSection
	GlobalSection(ProjectConfigurationPlatforms) = postSolution
		{7260E9F9-DA42-4325-9303-2045D064F0AB}.Debug|Any CPU.ActiveCfg = Debug|Any CPU
		{7260E9F9-DA42-4325-9303-2045D064F0AB}.Debug|Any CPU.Build.0 = Debug|Any CPU
		{7260E9F9-DA42-4325-9303-2045D064F0AB}.Release|Any CPU.ActiveCfg = Release|Any CPU
		{7260E9F9-DA42-4325-9303-2045D064F0AB}.Release|Any CPU.Build.0 = Release|Any CPU
		{EAF5782D-4262-4510-97B3-E66A1B24FB6A}.Debug|Any CPU.ActiveCfg = Debug|Any CPU
		{EAF5782D-4262-4510-97B3-E66A1B24FB6A}.Debug|Any CPU.Build.0 = Debug|Any CPU
		{EAF5782D-4262-4510-97B3-E66A1B24FB6A}.Release|Any CPU.ActiveCfg = Release|Any CPU
		{EAF5782D-4262-4510-97B3-E66A1B24FB6A}.Release|Any CPU.Build.0 = Release|Any CPU
	EndGlobalSection
	GlobalSection(SolutionProperties) = preSolution
		HideSolutionNode = FALSE
	EndGlobalSection
	GlobalSection(ExtensibilityGlobals) = postSolution
		SolutionGuid = {6D464255-5C8D-465C-B47E-04CDFBA995A2}
	EndGlobalSection
EndGlobal
